
Microsoft Visual Studio Solution File, Format Version 12.00
# Visual Studio Version 17
VisualStudioVersion = 17.0.31903.59
MinimumVisualStudioVersion = 10.0.40219.1
Project("{9A19103F-16F7-4668-BE54-9A1E7A4F7556}") = "Exercise1", "Exercise1\Exercise1.csproj", "{F8DE5E0F-2B8E-4740-90A7-7AF904B3FBD2}"
EndProject
Project("{9A19103F-16F7-4668-BE54-9A1E7A4F7556}") = "Exercise2", "Exercise2\Exercise2.csproj", "{990A7482-573D-4A0D-B51C-3DF2B2196A8A}"
EndProject
Project("{9A19103F-16F7-4668-BE54-9A1E7A4F7556}") = "Exercise4", "Exercise4\Exercise4.csproj", "{CCA47F71-40AE-4B2C-98E1-A4433D04FE7A}"
EndProject
Project("{FAE04EC0-301F-11D3-BF4B-00C04F79EFBC}") = "Exercise3", "Exercise3\Exercise3.csproj", "{980E8772-4DD4-4B29-9BCF-F46354D54079}"
EndProject
Project("{FAE04EC0-301F-11D3-BF4B-00C04F79EFBC}") = "Exercise5", "Exercise5\Exercise5.csproj", "{E579A6D6-7F9A-431C-AB81-A4CEA6FEF026}"
EndProject
Project("{FAE04EC0-301F-11D3-BF4B-00C04F79EFBC}") = "FizzBuzz", "FizzBuzz\FizzBuzz.csproj", "{53E11FBB-7C9F-4608-A64D-A5D915F9AC6D}"
EndProject
Project("{FAE04EC0-301F-11D3-BF4B-00C04F79EFBC}") = "Piglet", "Piglet\Piglet.csproj", "{11FF9C79-99A2-40AA-A123-108FDD67BC85}"
EndProject
Project("{FAE04EC0-301F-11D3-BF4B-00C04F79EFBC}") = "AsciiFigure", "AsciiFigure\AsciiFigure.csproj", "{7DB30934-28E6-4137-BE86-FBEDE8FA03C4}"
EndProject
Project("{FAE04EC0-301F-11D3-BF4B-00C04F79EFBC}") = "Exercise9", "Exercise9\Exercise9.csproj", "{3E076BEF-F2A2-4F1A-9A7C-AA888E939103}"
EndProject
Project("{FAE04EC0-301F-11D3-BF4B-00C04F79EFBC}") = "NumberSquare", "NumberSquare\NumberSquare.csproj", "{DDB61843-0F0B-4BE0-966F-E62F8F216A31}"
EndProject
Project("{FAE04EC0-301F-11D3-BF4B-00C04F79EFBC}") = "Exercise11", "Exercise11\Exercise11.csproj", "{699ED141-190B-4DE7-A196-132FB0AC62F5}"
EndProject
Global
	GlobalSection(SolutionConfigurationPlatforms) = preSolution
		Debug|Any CPU = Debug|Any CPU
		Release|Any CPU = Release|Any CPU
	EndGlobalSection
	GlobalSection(ProjectConfigurationPlatforms) = postSolution
		{F8DE5E0F-2B8E-4740-90A7-7AF904B3FBD2}.Debug|Any CPU.ActiveCfg = Debug|Any CPU
		{F8DE5E0F-2B8E-4740-90A7-7AF904B3FBD2}.Debug|Any CPU.Build.0 = Debug|Any CPU
		{F8DE5E0F-2B8E-4740-90A7-7AF904B3FBD2}.Release|Any CPU.ActiveCfg = Release|Any CPU
		{F8DE5E0F-2B8E-4740-90A7-7AF904B3FBD2}.Release|Any CPU.Build.0 = Release|Any CPU
		{990A7482-573D-4A0D-B51C-3DF2B2196A8A}.Debug|Any CPU.ActiveCfg = Debug|Any CPU
		{990A7482-573D-4A0D-B51C-3DF2B2196A8A}.Debug|Any CPU.Build.0 = Debug|Any CPU
		{990A7482-573D-4A0D-B51C-3DF2B2196A8A}.Release|Any CPU.ActiveCfg = Release|Any CPU
		{990A7482-573D-4A0D-B51C-3DF2B2196A8A}.Release|Any CPU.Build.0 = Release|Any CPU
		{CCA47F71-40AE-4B2C-98E1-A4433D04FE7A}.Debug|Any CPU.ActiveCfg = Debug|Any CPU
		{CCA47F71-40AE-4B2C-98E1-A4433D04FE7A}.Debug|Any CPU.Build.0 = Debug|Any CPU
		{CCA47F71-40AE-4B2C-98E1-A4433D04FE7A}.Release|Any CPU.ActiveCfg = Release|Any CPU
		{CCA47F71-40AE-4B2C-98E1-A4433D04FE7A}.Release|Any CPU.Build.0 = Release|Any CPU
		{980E8772-4DD4-4B29-9BCF-F46354D54079}.Debug|Any CPU.ActiveCfg = Debug|Any CPU
		{980E8772-4DD4-4B29-9BCF-F46354D54079}.Debug|Any CPU.Build.0 = Debug|Any CPU
		{980E8772-4DD4-4B29-9BCF-F46354D54079}.Release|Any CPU.ActiveCfg = Release|Any CPU
		{980E8772-4DD4-4B29-9BCF-F46354D54079}.Release|Any CPU.Build.0 = Release|Any CPU
		{E579A6D6-7F9A-431C-AB81-A4CEA6FEF026}.Debug|Any CPU.ActiveCfg = Debug|Any CPU
		{E579A6D6-7F9A-431C-AB81-A4CEA6FEF026}.Debug|Any CPU.Build.0 = Debug|Any CPU
		{E579A6D6-7F9A-431C-AB81-A4CEA6FEF026}.Release|Any CPU.ActiveCfg = Release|Any CPU
		{E579A6D6-7F9A-431C-AB81-A4CEA6FEF026}.Release|Any CPU.Build.0 = Release|Any CPU
		{53E11FBB-7C9F-4608-A64D-A5D915F9AC6D}.Debug|Any CPU.ActiveCfg = Debug|Any CPU
		{53E11FBB-7C9F-4608-A64D-A5D915F9AC6D}.Debug|Any CPU.Build.0 = Debug|Any CPU
		{53E11FBB-7C9F-4608-A64D-A5D915F9AC6D}.Release|Any CPU.ActiveCfg = Release|Any CPU
		{53E11FBB-7C9F-4608-A64D-A5D915F9AC6D}.Release|Any CPU.Build.0 = Release|Any CPU
		{11FF9C79-99A2-40AA-A123-108FDD67BC85}.Debug|Any CPU.ActiveCfg = Debug|Any CPU
		{11FF9C79-99A2-40AA-A123-108FDD67BC85}.Debug|Any CPU.Build.0 = Debug|Any CPU
		{11FF9C79-99A2-40AA-A123-108FDD67BC85}.Release|Any CPU.ActiveCfg = Release|Any CPU
		{11FF9C79-99A2-40AA-A123-108FDD67BC85}.Release|Any CPU.Build.0 = Release|Any CPU
		{7DB30934-28E6-4137-BE86-FBEDE8FA03C4}.Debug|Any CPU.ActiveCfg = Debug|Any CPU
		{7DB30934-28E6-4137-BE86-FBEDE8FA03C4}.Debug|Any CPU.Build.0 = Debug|Any CPU
		{7DB30934-28E6-4137-BE86-FBEDE8FA03C4}.Release|Any CPU.ActiveCfg = Release|Any CPU
		{7DB30934-28E6-4137-BE86-FBEDE8FA03C4}.Release|Any CPU.Build.0 = Release|Any CPU
		{3E076BEF-F2A2-4F1A-9A7C-AA888E939103}.Debug|Any CPU.ActiveCfg = Debug|Any CPU
		{3E076BEF-F2A2-4F1A-9A7C-AA888E939103}.Debug|Any CPU.Build.0 = Debug|Any CPU
		{3E076BEF-F2A2-4F1A-9A7C-AA888E939103}.Release|Any CPU.ActiveCfg = Release|Any CPU
		{3E076BEF-F2A2-4F1A-9A7C-AA888E939103}.Release|Any CPU.Build.0 = Release|Any CPU
		{DDB61843-0F0B-4BE0-966F-E62F8F216A31}.Debug|Any CPU.ActiveCfg = Debug|Any CPU
		{DDB61843-0F0B-4BE0-966F-E62F8F216A31}.Debug|Any CPU.Build.0 = Debug|Any CPU
		{DDB61843-0F0B-4BE0-966F-E62F8F216A31}.Release|Any CPU.ActiveCfg = Release|Any CPU
		{DDB61843-0F0B-4BE0-966F-E62F8F216A31}.Release|Any CPU.Build.0 = Release|Any CPU
		{699ED141-190B-4DE7-A196-132FB0AC62F5}.Debug|Any CPU.ActiveCfg = Debug|Any CPU
		{699ED141-190B-4DE7-A196-132FB0AC62F5}.Debug|Any CPU.Build.0 = Debug|Any CPU
		{699ED141-190B-4DE7-A196-132FB0AC62F5}.Release|Any CPU.ActiveCfg = Release|Any CPU
		{699ED141-190B-4DE7-A196-132FB0AC62F5}.Release|Any CPU.Build.0 = Release|Any CPU
	EndGlobalSection
	GlobalSection(SolutionProperties) = preSolution
		HideSolutionNode = FALSE
	EndGlobalSection
	GlobalSection(ExtensibilityGlobals) = postSolution
		SolutionGuid = {9E2B805A-E209-4714-AE87-3C7317951F1D}
	EndGlobalSection
EndGlobal
